apiVersion: vendir.k14s.io/v1alpha1
directories:
- contents:
  - git:
      commitTitle: 'chore(release): release Buzz Desktop version 0.5.2 (#3624)...'
      sha: 3e48f1b2365d326ee1c9582448d86a99b44ecd5d
      tags:
      - v0.5.2
    path: buzz
  path: vendor
- contents:
  - directory: {}
    path: .
  path: helm/buzz/templates
- contents:
  - helmChart:
      appVersion: 18.6.0
      version: 0.21.2
    path: postgres
  - helmChart:
      appVersion: 8.8.0
      version: 0.30.3
    path: redis
  path: helm/buzz/charts
kind: LockConfig
